<?xml version="1.0" encoding="utf-8"?>
<Project ToolsVersion="4.0" xmlns="http://schemas.microsoft.com/developer/msbuild/2003">
  <ItemGroup>
    <Filter Include="Debug">
      <UniqueIdentifier>{7b010cbb-b298-40ee-a725-3b43e23dfc9f}</UniqueIdentifier>
    </Filter>
    <Filter Include="Utils">
      <UniqueIdentifier>{39c3f35f-98f3-4450-8072-d3a5f9563fd7}</UniqueIdentifier>
    </Filter>
    <Filter Include="Systems">
      <UniqueIdentifier>{de723f54-0067-48f4-a8a3-1386e49bf8a5}</UniqueIdentifier>
    </Filter>
    <Filter Include="Systems\Terminal">
      <UniqueIdentifier>{6912e674-ce20-422f-aaa3-15ee68284af2}</UniqueIdentifier>
    </Filter>
    <Filter Include="Systems\Core">
      <UniqueIdentifier>{eaba601c-7f7b-417b-8db0-ab1791fabc9c}</UniqueIdentifier>
    </Filter>
    <Filter Include="Systems\Input">
      <UniqueIdentifier>{47202bd0-06f4-4180-a79b-abb27505b154}</UniqueIdentifier>
    </Filter>
    <Filter Include="Window">
      <UniqueIdentifier>{c4f1342c-cd61-4f8e-a645-1575c165ee06}</UniqueIdentifier>
    </Filter>
    <Filter Include="Graphics">
      <UniqueIdentifier>{8640bd6c-3af5-426f-bcc9-cf8e9dff0d68}</UniqueIdentifier>
    </Filter>
    <Filter Include="Systems\Resources">
      <UniqueIdentifier>{0a608027-40c0-419b-ae1b-c456f1d8065a}</UniqueIdentifier>
    </Filter>
  </ItemGroup>
  <ItemGroup>
    <ClInclude Include="src\Magma\Utils\Utils.hpp">
      <Filter>Utils</Filter>
    </ClInclude>
    <ClInclude Include="src\Magma\Debug\Console.hpp">
      <Filter>Debug</Filter>
    </ClInclude>
    <ClInclude Include="src\Magma\Debug\WindowsConsole.hpp">
      <Filter>Debug</Filter>
    </ClInclude>
    <ClInclude Include="src\Magma\Utils\Serializable.hpp">
      <Filter>Utils</Filter>
    </ClInclude>
    <ClInclude Include="src\Magma\Utils\Math.hpp">
      <Filter>Utils</Filter>
    </ClInclude>
    <ClInclude Include="src\Magma\Systems\Terminal\Terminal.hpp">
      <Filter>Systems\Terminal</Filter>
    </ClInclude>
    <ClInclude Include="src\Magma\Systems\MessageBus.hpp">
      <Filter>Systems</Filter>
    </ClInclude>
    <ClInclude Include="src\Magma\Utils\Registrable.hpp">
      <Filter>Utils</Filter>
    </ClInclude>
    <ClInclude Include="src\Magma\Utils\RegistrableRegistry.hpp">
      <Filter>Utils</Filter>
    </ClInclude>
    <ClInclude Include="src\Magma\Systems\Core\Core.hpp">
      <Filter>Systems\Core</Filter>
    </ClInclude>
    <ClInclude Include="src\Magma\Utils\Globals.hpp">
      <Filter>Utils</Filter>
    </ClInclude>
    <ClInclude Include="src\Magma\Window\GLFWWindow.hpp">
      <Filter>Window</Filter>
    </ClInclude>
    <ClInclude Include="src\Magma\Window\Keyboard.hpp">
      <Filter>Window</Filter>
    </ClInclude>
    <ClInclude Include="src\Magma\Window\Mouse.hpp">
      <Filter>Window</Filter>
    </ClInclude>
    <ClInclude Include="src\Magma\Window\UIEvent.hpp">
      <Filter>Window</Filter>
    </ClInclude>
    <ClInclude Include="src\Magma\Window\Window.hpp">
      <Filter>Window</Filter>
    </ClInclude>
    <ClInclude Include="src\Magma\Systems\Input\Input.hpp">
      <Filter>Systems\Input</Filter>
    </ClInclude>
    <ClInclude Include="src\Magma\Utils\INIDocument.hpp">
      <Filter>Utils</Filter>
    </ClInclude>
    <ClInclude Include="src\Magma\Utils\XMLDocument.hpp">
      <Filter>Utils</Filter>
    </ClInclude>
    <ClInclude Include="src\Magma\Graphics\Renderable.hpp">
      <Filter>Graphics</Filter>
    </ClInclude>
    <ClInclude Include="src\Magma\Graphics\VertexArray.hpp">
      <Filter>Graphics</Filter>
    </ClInclude>
    <ClInclude Include="src\Magma\Systems\Resources\ResourcesManager.hpp">
      <Filter>Systems\Resources</Filter>
    </ClInclude>
    <ClInclude Include="src\Magma\Systems\Resources\Resource.hpp">
      <Filter>Systems\Resources</Filter>
    </ClInclude>
    <ClInclude Include="src\Magma\Systems\Resources\TextResource.hpp">
      <Filter>Systems\Resources</Filter>
    </ClInclude>
  </ItemGroup>
  <ItemGroup>
    <ClCompile Include="src\Magma\Utils\Utils.cpp">
      <Filter>Utils</Filter>
    </ClCompile>
    <ClCompile Include="src\Magma\Debug\Console.cpp">
      <Filter>Debug</Filter>
    </ClCompile>
    <ClCompile Include="src\Magma\Debug\WindowsConsole.cpp">
      <Filter>Debug</Filter>
    </ClCompile>
    <ClCompile Include="src\Magma\Systems\MessageBus.cpp">
      <Filter>Systems</Filter>
    </ClCompile>
    <ClCompile Include="src\Magma\Systems\Terminal\Terminal.cpp">
      <Filter>Systems\Terminal</Filter>
    </ClCompile>
    <ClCompile Include="src\Magma\Utils\Globals.cpp">
      <Filter>Utils</Filter>
    </ClCompile>
    <ClCompile Include="src\Magma\Window\GLFWWindow.cpp">
      <Filter>Window</Filter>
    </ClCompile>
    <ClCompile Include="src\Magma\Window\Keyboard.cpp">
      <Filter>Window</Filter>
    </ClCompile>
    <ClCompile Include="src\Magma\Window\Mouse.cpp">
      <Filter>Window</Filter>
    </ClCompile>
    <ClCompile Include="src\Magma\Window\UIEvent.cpp">
      <Filter>Window</Filter>
    </ClCompile>
    <ClCompile Include="src\Magma\Window\Window.cpp">
      <Filter>Window</Filter>
    </ClCompile>
    <ClCompile Include="src\Magma\Systems\Input\Input.cpp">
      <Filter>Systems\Input</Filter>
    </ClCompile>
    <ClCompile Include="src\Magma\Utils\INIDocument.cpp">
      <Filter>Utils</Filter>
    </ClCompile>
    <ClCompile Include="src\Magma\Utils\XMLDocument.cpp">
      <Filter>Utils</Filter>
    </ClCompile>
    <ClCompile Include="src\Magma\Systems\Resources\ResourcesManager.cpp">
      <Filter>Systems\Resources</Filter>
    </ClCompile>
    <ClCompile Include="src\Magma\Systems\Resources\Resource.cpp">
      <Filter>Systems\Resources</Filter>
    </ClCompile>
    <ClCompile Include="src\Magma\Systems\Core\Core.cpp">
      <Filter>Systems\Core</Filter>
    </ClCompile>
    <ClCompile Include="src\Magma\Systems\Resources\TextResource.cpp">
      <Filter>Systems\Resources</Filter>
    </ClCompile>
  </ItemGroup>
</Project>